version = 1
revision = 2
requires-python = "==3.13.*"

[[package]]
name = "anyio"
version = "4.12.1"
source = { registry = "https://pypi.org/simple" }
dependencies = [
    { name = "idna" },
]
sdist = { url = "https://files.pythonhosted.org/packages/96/f0/5eb65b2bb0d09ac6776f2eb54adee6abe8228ea05b20a5ad0e4945de8aac/anyio-4.12.1.tar.gz", hash = "sha256:41cfcc3a4c85d3f05c932da7c26d0201ac36f72abd4435ba90d0464a3ffed703", size = 228685, upload-time = "2026-01-06T11:45:21.246Z" }
wheels = [
    { url = "https://files.pythonhosted.org/packages/38/0e/27be9fdef66e72d64c0cdc3cc2823101b80585f8119b5c112c2e8f5f7dab/anyio-4.12.1-py3-none-any.whl", hash = "sha256:d405828884fc140aa80a3c667b8beed277f1dfedec42ba031bd6ac3db606ab6c", size = 113592, upload-time = "2026-01-06T11:45:19.497Z" },
]

[[package]]
name = "asttokens"
version = "3.0.1"
source = { registry = "https://pypi.org/simple" }
sdist = { url = "https://files.pythonhosted.org/packages/be/a5/8e3f9b6771b0b408517c82d97aed8f2036509bc247d46114925e32fe33f0/asttokens-3.0.1.tar.gz", hash = "sha256:71a4ee5de0bde6a31d64f6b13f2293ac190344478f081c3d1bccfcf5eacb0cb7", size = 62308, upload-time = "2025-11-15T16:43:48.578Z" }
wheels = [
    { url = "https://files.pythonhosted.org/packages/d2/39/e7eaf1799466a4aef85b6a4fe7bd175ad2b1c6345066aa33f1f58d4b18d0/asttokens-3.0.1-py3-none-any.whl", hash = "sha256:15a3ebc0f43c2d0a50eeafea25e19046c68398e487b9f1f5b517f7c0f40f976a", size = 27047, upload-time = "2025-11-15T16:43:16.109Z" },
]

[[package]]
name = "colorama"
version = "0.4.6"
source = { registry = "https://pypi.org/simple" }
sdist = { url = "https://files.pythonhosted.org/packages/d8/53/6f443c9a4a8358a93a6792e2acffb9d9d5cb0a5cfd8802644b7b1c9a02e4/colorama-0.4.6.tar.gz", hash = "sha256:08695f5cb7ed6e0531a20572697297273c47b8cae5a63ffc6d6ed5c201be6e44", size = 27697, upload-time = "2022-10-25T02:36:22.414Z" }
wheels = [
    { url = "https://files.pythonhosted.org/packages/d1/d6/3965ed04c63042e047cb6a3e6ed1a63a35087b6a609aa3a15ed8ac56c221/colorama-0.4.6-py2.py3-none-any.whl", hash = "sha256:4f1d9991f5acc0ca119f9d443620b77f9d6b33703e51011c16baf57afb285fc6", size = 25335, upload-time = "2022-10-25T02:36:20.889Z" },
]

[[package]]
name = "decorator"
version = "5.2.1"
source = { registry = "https://pypi.org/simple" }
sdist = { url = "https://files.pythonhosted.org/packages/43/fa/6d96a0978d19e17b68d634497769987b16c8f4cd0a7a05048bec693caa6b/decorator-5.2.1.tar.gz", hash = "sha256:65f266143752f734b0a7cc83c46f4618af75b8c5911b00ccb61d0ac9b6da0360", size = 56711, upload-time = "2025-02-24T04:41:34.073Z" }
wheels = [
    { url = "https://files.pythonhosted.org/packages/4e/8c/f3147f5c4b73e7550fe5f9352eaa956ae838d5c51eb58e7a25b9f3e2643b/decorator-5.2.1-py3-none-any.whl", hash = "sha256:d316bb415a2d9e2d2b3abcc4084c6502fc09240e292cd76a76afc106a1c8e04a", size = 9190, upload-time = "2025-02-24T04:41:32.565Z" },
]

[[package]]
name = "executing"
version = "2.2.1"
source = { registry = "https://pypi.org/simple" }
sdist = { url = "https://files.pythonhosted.org/packages/cc/28/c14e053b6762b1044f34a13aab6859bbf40456d37d23aa286ac24cfd9a5d/executing-2.2.1.tar.gz", hash = "sha256:3632cc370565f6648cc328b32435bd120a1e4ebb20c77e3fdde9a13cd1e533c4", size = 1129488, upload-time = "2025-09-01T09:48:10.866Z" }
wheels = [
    { url = "https://files.pythonhosted.org/packages/c1/ea/53f2148663b321f21b5a606bd5f191517cf40b7072c0497d3c92c4a13b1e/executing-2.2.1-py2.py3-none-any.whl", hash = "sha256:760643d3452b4d777d295bb167ccc74c64a81df23fb5e08eff250c425a4b2017", size = 28317, upload-time = "2025-09-01T09:48:08.5Z" },
]

[[package]]
name = "faker"
version = "40.4.0"
source = { registry = "https://pypi.org/simple" }
dependencies = [
    { name = "tzdata", marker = "sys_platform == 'win32'" },
]
sdist = { url = "https://files.pythonhosted.org/packages/fc/7e/dccb7013c9f3d66f2e379383600629fec75e4da2698548bdbf2041ea4b51/faker-40.4.0.tar.gz", hash = "sha256:76f8e74a3df28c3e2ec2caafa956e19e37a132fdc7ea067bc41783affcfee364", size = 1952221, upload-time = "2026-02-06T23:30:15.515Z" }
wheels = [
    { url = "https://files.pythonhosted.org/packages/ac/63/58efa67c10fb27810d34351b7a10f85f109a7f7e2a07dc3773952459c47b/faker-40.4.0-py3-none-any.whl", hash = "sha256:486d43c67ebbb136bc932406418744f9a0bdf2c07f77703ea78b58b77e9aa443", size = 1987060, upload-time = "2026-02-06T23:30:13.44Z" },
]

[[package]]
name = "grpcio"
version = "1.78.1"
source = { registry = "https://pypi.org/simple" }
dependencies = [
    { name = "typing-extensions" },
]
sdist = { url = "https://files.pythonhosted.org/packages/1f/de/de568532d9907552700f80dcec38219d8d298ad9e71f5e0a095abaf2761e/grpcio-1.78.1.tar.gz", hash = "sha256:27c625532d33ace45d57e775edf1982e183ff8641c72e4e91ef7ba667a149d72", size = 12835760, upload-time = "2026-02-20T01:16:10.869Z" }
wheels = [
    { url = "https://files.pythonhosted.org/packages/df/72/754754639cfd16ad04619e1435a518124b2d858e5752225376f9285d4c51/grpcio-1.78.1-cp313-cp313-linux_armv7l.whl", hash = "sha256:2b7ad2981550ce999e25ce3f10c8863f718a352a2fd655068d29ea3fd37b4907", size = 5919437, upload-time = "2026-02-20T01:14:29.403Z" },
    { url = "https://files.pythonhosted.org/packages/5c/84/6267d1266f8bc335d3a8b7ccf981be7de41e3ed8bd3a49e57e588212b437/grpcio-1.78.1-cp313-cp313-macosx_11_0_universal2.whl", hash = "sha256:409bfe22220889b9906739910a0ee4c197a967c21b8dd14b4b06dd477f8819ce", size = 11803701, upload-time = "2026-02-20T01:14:32.624Z" },
    { url = "https://files.pythonhosted.org/packages/f3/56/c9098e8b920a54261cd605bbb040de0cde1ca4406102db0aa2c0b11d1fb4/grpcio-1.78.1-cp313-cp313-manylinux2014_aarch64.manylinux_2_17_aarch64.whl", hash = "sha256:34b6cb16f4b67eeb5206250dc5b4d5e8e3db939535e58efc330e4c61341554bd", size = 6479416, upload-time = "2026-02-20T01:14:35.926Z" },
    { url = "https://files.pythonhosted.org/packages/86/cf/5d52024371ee62658b7ed72480200524087528844ec1b65265bbcd31c974/grpcio-1.78.1-cp313-cp313-manylinux2014_i686.manylinux_2_17_i686.whl", hash = "sha256:39d21fd30d38a5afb93f0e2e71e2ec2bd894605fb75d41d5a40060c2f98f8d11", size = 7174087, upload-time = "2026-02-20T01:14:39.98Z" },
    { url = "https://files.pythonhosted.org/packages/31/e6/5e59551afad4279e27335a6d60813b8aa3ae7b14fb62cea1d329a459c118/grpcio-1.78.1-cp313-cp313-manylinux2014_x86_64.manylinux_2_17_x86_64.whl", hash = "sha256:09fbd4bcaadb6d8604ed1504b0bdf7ac18e48467e83a9d930a70a7fefa27e862", size = 6692881, upload-time = "2026-02-20T01:14:42.466Z" },
    { url = "https://files.pythonhosted.org/packages/db/8f/940062de2d14013c02f51b079eb717964d67d46f5d44f22038975c9d9576/grpcio-1.78.1-cp313-cp313-musllinux_1_2_aarch64.whl", hash = "sha256:db681513a1bdd879c0b24a5a6a70398da5eaaba0e077a306410dc6008426847a", size = 7269092, upload-time = "2026-02-20T01:14:45.826Z" },
    { url = "https://files.pythonhosted.org/packages/09/87/9db657a4b5f3b15560ec591db950bc75a1a2f9e07832578d7e2b23d1a7bd/grpcio-1.78.1-cp313-cp313-musllinux_1_2_i686.whl", hash = "sha256:f81816faa426da461e9a597a178832a351d6f1078102590a4b32c77d251b71eb", size = 8252037, upload-time = "2026-02-20T01:14:48.57Z" },
    { url = "https://files.pythonhosted.org/packages/e2/37/b980e0265479ec65e26b6e300a39ceac33ecb3f762c2861d4bac990317cf/grpcio-1.78.1-cp313-cp313-musllinux_1_2_x86_64.whl", hash = "sha256:ffbb760df1cd49e0989f9826b2fd48930700db6846ac171eaff404f3cfbe5c28", size = 7695243, upload-time = "2026-02-20T01:14:51.376Z" },
    { url = "https://files.pythonhosted.org/packages/98/46/5fc42c100ab702fa1ea41a75c890c563c3f96432b4a287d5a6369654f323/grpcio-1.78.1-cp313-cp313-win32.whl", hash = "sha256:1a56bf3ee99af5cf32d469de91bf5de79bdac2e18082b495fc1063ea33f4f2d0", size = 4065329, upload-time = "2026-02-20T01:14:53.952Z" },
    { url = "https://files.pythonhosted.org/packages/b0/da/806d60bb6611dfc16cf463d982bd92bd8b6bd5f87dfac66b0a44dfe20995/grpcio-1.78.1-cp313-cp313-win_amd64.whl", hash = "sha256:8991c2add0d8505178ff6c3ae54bd9386279e712be82fa3733c54067aae9eda1", size = 4797637, upload-time = "2026-02-20T01:14:57.276Z" },
]

[[package]]
name = "grpcio-tools"
version = "1.78.1"
source = { registry = "https://pypi.org/simple" }
dependencies = [
    { name = "grpcio" },
    { name = "protobuf" },
    { name = "setuptools" },
]
sdist = { url = "https://files.pythonhosted.org/packages/c9/e5/311efa9278a451291e317286babf3f69b1479f8e6fd244836e3803e4b81d/grpcio_tools-1.78.1.tar.gz", hash = "sha256:f47b746b06a940954b9aa86b1824aa4874f068a7ec2d4b407980d202c86a691a", size = 5392610, upload-time = "2026-02-20T01:19:44.109Z" }
wheels = [
    { url = "https://files.pythonhosted.org/packages/09/44/b8371d238bcb6141b178f91d65477e5aec9fe6d3f7c245e581bdb73e6330/grpcio_tools-1.78.1-cp313-cp313-linux_armv7l.whl", hash = "sha256:3ad2cfae254f965776e296635d0ef96bdb2e6fde54c3d8e0f1ed98161ec00a8f", size = 2546284, upload-time = "2026-02-20T01:17:53.282Z" },
    { url = "https://files.pythonhosted.org/packages/68/e1/db6f388ad57d23ec7e3fdc4a1d12495cadc022df8a6138b827dbc6ad1b79/grpcio_tools-1.78.1-cp313-cp313-macosx_11_0_universal2.whl", hash = "sha256:b5d4c75fa44d560e694b65b19df3d7e73d89c2bf9e2d7b672a9e650f40ca33df", size = 5705688, upload-time = "2026-02-20T01:17:56.279Z" },
    { url = "https://files.pythonhosted.org/packages/16/44/9b2dc99c0fdc8f83ffa72e51fc52f0ad5015fc6c0dc733ba0e0eeb289916/grpcio_tools-1.78.1-cp313-cp313-manylinux2014_aarch64.manylinux_2_17_aarch64.whl", hash = "sha256:63e87dd399a4071c0cfdf131cf382a7c3859f2bee9cff8ec996dd8dea3e3afbb", size = 2592788, upload-time = "2026-02-20T01:17:58.729Z" },
    { url = "https://files.pythonhosted.org/packages/5e/f2/885039af8fcda73eca2d244fcd295381c682919b39f2078453e6cb002879/grpcio_tools-1.78.1-cp313-cp313-manylinux2014_i686.manylinux_2_17_i686.whl", hash = "sha256:08704fd6df74dd95c28a2c095f59e10aec61abe64e2c44f1109d725f728688ba", size = 2905157, upload-time = "2026-02-20T01:18:01.295Z" },
    { url = "https://files.pythonhosted.org/packages/98/a4/859e99a1a728367bbe4d5671e92c984536077e2690fef5637c5e66434b5b/grpcio_tools-1.78.1-cp313-cp313-manylinux2014_x86_64.manylinux_2_17_x86_64.whl", hash = "sha256:e53faada7c186ae5a46b236a4961284c45f9eb069888c651021346f9360d58e0", size = 2656161, upload-time = "2026-02-20T01:18:03.386Z" },
    { url = "https://files.pythonhosted.org/packages/7f/6e/2f8b6b6e06d5728c571ec4b702a3a249743816b771b78f2dc79be67dea33/grpcio_tools-1.78.1-cp313-cp313-musllinux_1_2_aarch64.whl", hash = "sha256:99479dfa64faa8ed887df22a1489e6bd4027e38efdad7de9fdc6038e67569f0a", size = 3109110, upload-time = "2026-02-20T01:18:08.877Z" },
    { url = "https://files.pythonhosted.org/packages/c7/f5/1cf1b232a996b8eb560adb4a75d468fa0badf804ce182a0ce7b03b796299/grpcio_tools-1.78.1-cp313-cp313-musllinux_1_2_i686.whl", hash = "sha256:e0335ba2e6b903b9156151a49d03e74d2876259d5233ac97de53b4c847a56000", size = 3657864, upload-time = "2026-02-20T01:18:18.75Z" },
    { url = "https://files.pythonhosted.org/packages/ee/52/0714adbb17bd12661fb7cd247991a175069de9269bd506cff3cd9638f6c4/grpcio_tools-1.78.1-cp313-cp313-musllinux_1_2_x86_64.whl", hash = "sha256:d54640c46d496ed9367caaa36a5742adca9b215ea06cf6714dcf1aa190a43b6d", size = 3324749, upload-time = "2026-02-20T01:18:21.394Z" },
    { url = "https://files.pythonhosted.org/packages/3a/15/bb6ac754ce74980ea78bdd428b8d5fdeda77e04a674388aac81c885595ea/grpcio_tools-1.78.1-cp313-cp313-win32.whl", hash = "sha256:df604903f86adae37eb90f4168db13090f723b3602bac89519aff451aea46ea3", size = 993050, upload-time = "2026-02-20T01:18:24.132Z" },
    { url = "https://files.pythonhosted.org/packages/c8/83/9d75e3ad324b11de988a7534d22c066e0da7cffc5656f973993e719efab1/grpcio_tools-1.78.1-cp313-cp313-win_amd64.whl", hash = "sha256:7f4469a91556442330aad0710ffc16a853681e1aa7c0752b2db2e8255c872897", size = 1158153, upload-time = "2026-02-20T01:18:27.844Z" },
]

[[package]]
name = "idna"
version = "3.11"
source = { registry = "https://pypi.org/simple" }
sdist = { url = "https://files.pythonhosted.org/packages/6f/6d/0703ccc57f3a7233505399edb88de3cbd678da106337b9fcde432b65ed60/idna-3.11.tar.gz", hash = "sha256:795dafcc9c04ed0c1fb032c2aa73654d8e8c5023a7df64a53f39190ada629902", size = 194582, upload-time = "2025-10-12T14:55:20.501Z" }
wheels = [
    { url = "https://files.pythonhosted.org/packages/0e/61/66938bbb5fc52dbdf84594873d5b51fb1f7c7794e9c0f5bd885f30bc507b/idna-3.11-py3-none-any.whl", hash = "sha256:771a87f49d9defaf64091e6e6fe9c18d4833f140bd19464795bc32d966ca37ea", size = 71008, upload-time = "2025-10-12T14:55:18.883Z" },
]

[[package]]
name = "iniconfig"
version = "2.3.0"
source = { registry = "https://pypi.org/simple" }
sdist = { url = "https://files.pythonhosted.org/packages/72/34/14ca021ce8e5dfedc35312d08ba8bf51fdd999c576889fc2c24cb97f4f10/iniconfig-2.3.0.tar.gz", hash = "sha256:c76315c77db068650d49c5b56314774a7804df16fee4402c1f19d6d15d8c4730", size = 20503, upload-time = "2025-10-18T21:55:43.219Z" }
wheels = [
    { url = "https://files.pythonhosted.org/packages/cb/b1/3846dd7f199d53cb17f49cba7e651e9ce294d8497c8c150530ed11865bb8/iniconfig-2.3.0-py3-none-any.whl", hash = "sha256:f631c04d2c48c52b84d0d0549c99ff3859c98df65b3101406327ecc7d53fbf12", size = 7484, upload-time = "2025-10-18T21:55:41.639Z" },
]

[[package]]
name = "invoke"
version = "2.2.1"
source = { registry = "https://pypi.org/simple" }
sdist = { url = "https://files.pythonhosted.org/packages/de/bd/b461d3424a24c80490313fd77feeb666ca4f6a28c7e72713e3d9095719b4/invoke-2.2.1.tar.gz", hash = "sha256:515bf49b4a48932b79b024590348da22f39c4942dff991ad1fb8b8baea1be707", size = 304762, upload-time = "2025-10-11T00:36:35.172Z" }
wheels = [
    { url = "https://files.pythonhosted.org/packages/32/4b/b99e37f88336009971405cbb7630610322ed6fbfa31e1d7ab3fbf3049a2d/invoke-2.2.1-py3-none-any.whl", hash = "sha256:2413bc441b376e5cd3f55bb5d364f973ad8bdd7bf87e53c79de3c11bf3feecc8", size = 160287, upload-time = "2025-10-11T00:36:33.703Z" },
]

[[package]]
name = "ipdb"
version = "0.13.13"
source = { registry = "https://pypi.org/simple" }
dependencies = [
    { name = "decorator" },
    { name = "ipython" },
]
sdist = { url = "https://files.pythonhosted.org/packages/3d/1b/7e07e7b752017f7693a0f4d41c13e5ca29ce8cbcfdcc1fd6c4ad8c0a27a0/ipdb-0.13.13.tar.gz", hash = "sha256:e3ac6018ef05126d442af680aad863006ec19d02290561ac88b8b1c0b0cfc726", size = 17042, upload-time = "2023-03-09T15:40:57.487Z" }
wheels = [
    { url = "https://files.pythonhosted.org/packages/0c/4c/b075da0092003d9a55cf2ecc1cae9384a1ca4f650d51b00fc59875fe76f6/ipdb-0.13.13-py3-none-any.whl", hash = "sha256:45529994741c4ab6d2388bfa5d7b725c2cf7fe9deffabdb8a6113aa5ed449ed4", size = 12130, upload-time = "2023-03-09T15:40:55.021Z" },
]

[[package]]
name = "ipython"
version = "9.10.0"
source = { registry = "https://pypi.org/simple" }
dependencies = [
    { name = "colorama", marker = "sys_platform == 'win32'" },
    { name = "decorator" },
    { name = "ipython-pygments-lexers" },
    { name = "jedi" },
    { name = "matplotlib-inline" },
    { name = "pexpect", marker = "sys_platform != 'emscripten' and sys_platform != 'win32'" },
    { name = "prompt-toolkit" },
    { name = "pygments" },
    { name = "stack-data" },
    { name = "traitlets" },
]
sdist = { url = "https://files.pythonhosted.org/packages/a6/60/2111715ea11f39b1535bed6024b7dec7918b71e5e5d30855a5b503056b50/ipython-9.10.0.tar.gz", hash = "sha256:cd9e656be97618a0676d058134cd44e6dc7012c0e5cb36a9ce96a8c904adaf77", size = 4426526, upload-time = "2026-02-02T10:00:33.594Z" }
wheels = [
    { url = "https://files.pythonhosted.org/packages/3d/aa/898dec789a05731cd5a9f50605b7b44a72bd198fd0d4528e11fc610177cc/ipython-9.10.0-py3-none-any.whl", hash = "sha256:c6ab68cc23bba8c7e18e9b932797014cc61ea7fd6f19de180ab9ba73e65ee58d", size = 622774, upload-time = "2026-02-02T10:00:31.503Z" },
]

[[package]]
name = "ipython-pygments-lexers"
version = "1.1.1"
source = { registry = "https://pypi.org/simple" }
dependencies = [
    { name = "pygments" },
]
sdist = { url = "https://files.pythonhosted.org/packages/ef/4c/5dd1d8af08107f88c7f741ead7a40854b8ac24ddf9ae850afbcf698aa552/ipython_pygments_lexers-1.1.1.tar.gz", hash = "sha256:09c0138009e56b6854f9535736f4171d855c8c08a563a0dcd8022f78355c7e81", size = 8393, upload-time = "2025-01-17T11:24:34.505Z" }
wheels = [
    { url = "https://files.pythonhosted.org/packages/d9/33/1f075bf72b0b747cb3288d011319aaf64083cf2efef8354174e3ed4540e2/ipython_pygments_lexers-1.1.1-py3-none-any.whl", hash = "sha256:a9462224a505ade19a605f71f8fa63c2048833ce50abc86768a0d81d876dc81c", size = 8074, upload-time = "2025-01-17T11:24:33.271Z" },
]

[[package]]
name = "jedi"
version = "0.19.2"
source = { registry = "https://pypi.org/simple" }
dependencies = [
    { name = "parso" },
]
sdist = { url = "https://files.pythonhosted.org/packages/72/3a/79a912fbd4d8dd6fbb02bf69afd3bb72cf0c729bb3063c6f4498603db17a/jedi-0.19.2.tar.gz", hash = "sha256:4770dc3de41bde3966b02eb84fbcf557fb33cce26ad23da12c742fb50ecb11f0", size = 1231287, upload-time = "2024-11-11T01:41:42.873Z" }
wheels = [
    { url = "https://files.pythonhosted.org/packages/c0/5a/9cac0c82afec3d09ccd97c8b6502d48f165f9124db81b4bcb90b4af974ee/jedi-0.19.2-py2.py3-none-any.whl", hash = "sha256:a8ef22bde8490f57fe5c7681a3c83cb58874daf72b4784de3cce5b6ef6edb5b9", size = 1572278, upload-time = "2024-11-11T01:41:40.175Z" },
]

[[package]]
name = "matplotlib-inline"
version = "0.2.1"
source = { registry = "https://pypi.org/simple" }
dependencies = [
    { name = "traitlets" },
]
sdist = { url = "https://files.pythonhosted.org/packages/c7/74/97e72a36efd4ae2bccb3463284300f8953f199b5ffbc04cbbb0ec78f74b1/matplotlib_inline-0.2.1.tar.gz", hash = "sha256:e1ee949c340d771fc39e241ea75683deb94762c8fa5f2927ec57c83c4dffa9fe", size = 8110, upload-time = "2025-10-23T09:00:22.126Z" }
wheels = [
    { url = "https://files.pythonhosted.org/packages/af/33/ee4519fa02ed11a94aef9559552f3b17bb863f2ecfe1a35dc7f548cde231/matplotlib_inline-0.2.1-py3-none-any.whl", hash = "sha256:d56ce5156ba6085e00a9d54fead6ed29a9c47e215cd1bba2e976ef39f5710a76", size = 9516, upload-time = "2025-10-23T09:00:20.675Z" },
]

[[package]]
name = "packaging"
version = "26.0"
source = { registry = "https://pypi.org/simple" }
sdist = { url = "https://files.pythonhosted.org/packages/65/ee/299d360cdc32edc7d2cf530f3accf79c4fca01e96ffc950d8a52213bd8e4/packaging-26.0.tar.gz", hash = "sha256:00243ae351a257117b6a241061796684b084ed1c516a08c48a3f7e147a9d80b4", size = 143416, upload-time = "2026-01-21T20:50:39.064Z" }
wheels = [
    { url = "https://files.pythonhosted.org/packages/b7/b9/c538f279a4e237a006a2c98387d081e9eb060d203d8ed34467cc0f0b9b53/packaging-26.0-py3-none-any.whl", hash = "sha256:b36f1fef9334a5588b4166f8bcd26a14e521f2b55e6b9de3aaa80d3ff7a37529", size = 74366, upload-time = "2026-01-21T20:50:37.788Z" },
]

[[package]]
name = "parso"
version = "0.8.6"
source = { registry = "https://pypi.org/simple" }
sdist = { url = "https://files.pythonhosted.org/packages/81/76/a1e769043c0c0c9fe391b702539d594731a4362334cdf4dc25d0c09761e7/parso-0.8.6.tar.gz", hash = "sha256:2b9a0332696df97d454fa67b81618fd69c35a7b90327cbe6ba5c92d2c68a7bfd", size = 401621, upload-time = "2026-02-09T15:45:24.425Z" }
wheels = [
    { url = "https://files.pythonhosted.org/packages/b6/61/fae042894f4296ec49e3f193aff5d7c18440da9e48102c3315e1bc4519a7/parso-0.8.6-py2.py3-none-any.whl", hash = "sha256:2c549f800b70a5c4952197248825584cb00f033b29c692671d3bf08bf380baff", size = 106894, upload-time = "2026-02-09T15:45:21.391Z" },
]

[[package]]
name = "pexpect"
version = "4.9.0"
source = { registry = "https://pypi.org/simple" }
dependencies = [
    { name = "ptyprocess" },
]
sdist = { url = "https://files.pythonhosted.org/packages/42/92/cc564bf6381ff43ce1f4d06852fc19a2f11d180f23dc32d9588bee2f149d/pexpect-4.9.0.tar.gz", hash = "sha256:ee7d41123f3c9911050ea2c2dac107568dc43b2d3b0c7557a33212c398ead30f", size = 166450, upload-time = "2023-11-25T09:07:26.339Z" }
wheels = [
    { url = "https://files.pythonhosted.org/packages/9e/c3/059298687310d527a58bb01f3b1965787ee3b40dce76752eda8b44e9a2c5/pexpect-4.9.0-py2.py3-none-any.whl", hash = "sha256:7236d1e080e4936be2dc3e326cec0af72acf9212a7e1d060210e70a47e253523", size = 63772, upload-time = "2023-11-25T06:56:14.81Z" },
]

[[package]]
name = "pluggy"
version = "1.6.0"
source = { registry = "https://pypi.org/simple" }
sdist = { url = "https://files.pythonhosted.org/packages/f9/e2/3e91f31a7d2b083fe6ef3fa267035b518369d9511ffab804f839851d2779/pluggy-1.6.0.tar.gz", hash = "sha256:7dcc130b76258d33b90f61b658791dede3486c3e6bfb003ee5c9bfb396dd22f3", size = 69412, upload-time = "2025-05-15T12:30:07.975Z" }
wheels = [
    { url = "https://files.pythonhosted.org/packages/54/20/4d324d65cc6d9205fabedc306948156824eb9f0ee1633355a8f7ec5c66bf/pluggy-1.6.0-py3-none-any.whl", hash = "sha256:e920276dd6813095e9377c0bc5566d94c932c33b27a3e3945d8389c374dd4746", size = 20538, upload-time = "2025-05-15T12:30:06.134Z" },
]

[[package]]
name = "prompt-toolkit"
version = "3.0.52"
source = { registry = "https://pypi.org/simple" }
dependencies = [
    { name = "wcwidth" },
]
sdist = { url = "https://files.pythonhosted.org/packages/a1/96/06e01a7b38dce6fe1db213e061a4602dd6032a8a97ef6c1a862537732421/prompt_toolkit-3.0.52.tar.gz", hash = "sha256:28cde192929c8e7321de85de1ddbe736f1375148b02f2e17edd840042b1be855", size = 434198, upload-time = "2025-08-27T15:24:02.057Z" }
wheels = [
    { url = "https://files.pythonhosted.org/packages/84/03/0d3ce49e2505ae70cf43bc5bb3033955d2fc9f932163e84dc0779cc47f48/prompt_toolkit-3.0.52-py3-none-any.whl", hash = "sha256:9aac639a3bbd33284347de5ad8d68ecc044b91a762dc39b7c21095fcd6a19955", size = 391431, upload-time = "2025-08-27T15:23:59.498Z" },
]

[[package]]
name = "protobuf"
version = "6.33.5"
source = { registry = "https://pypi.org/simple" }
sdist = { url = "https://files.pythonhosted.org/packages/ba/25/7c72c307aafc96fa87062aa6291d9f7c94836e43214d43722e86037aac02/protobuf-6.33.5.tar.gz", hash = "sha256:6ddcac2a081f8b7b9642c09406bc6a4290128fce5f471cddd165960bb9119e5c", size = 444465, upload-time = "2026-01-29T21:51:33.494Z" }
wheels = [
    { url = "https://files.pythonhosted.org/packages/b1/79/af92d0a8369732b027e6d6084251dd8e782c685c72da161bd4a2e00fbabb/protobuf-6.33.5-cp310-abi3-win32.whl", hash = "sha256:d71b040839446bac0f4d162e758bea99c8251161dae9d0983a3b88dee345153b", size = 425769, upload-time = "2026-01-29T21:51:21.751Z" },
    { url = "https://files.pythonhosted.org/packages/55/75/bb9bc917d10e9ee13dee8607eb9ab963b7cf8be607c46e7862c748aa2af7/protobuf-6.33.5-cp310-abi3-win_amd64.whl", hash = "sha256:3093804752167bcab3998bec9f1048baae6e29505adaf1afd14a37bddede533c", size = 437118, upload-time = "2026-01-29T21:51:24.022Z" },
    { url = "https://files.pythonhosted.org/packages/a2/6b/e48dfc1191bc5b52950246275bf4089773e91cb5ba3592621723cdddca62/protobuf-6.33.5-cp39-abi3-macosx_10_9_universal2.whl", hash = "sha256:a5cb85982d95d906df1e2210e58f8e4f1e3cdc088e52c921a041f9c9a0386de5", size = 427766, upload-time = "2026-01-29T21:51:25.413Z" },
    { url = "https://files.pythonhosted.org/packages/4e/b1/c79468184310de09d75095ed1314b839eb2f72df71097db9d1404a1b2717/protobuf-6.33.5-cp39-abi3-manylinux2014_aarch64.whl", hash = "sha256:9b71e0281f36f179d00cbcb119cb19dec4d14a81393e5ea220f64b286173e190", size = 324638, upload-time = "2026-01-29T21:51:26.423Z" },
    { url = "https://files.pythonhosted.org/packages/c5/f5/65d838092fd01c44d16037953fd4c2cc851e783de9b8f02b27ec4ffd906f/protobuf-6.33.5-cp39-abi3-manylinux2014_s390x.whl", hash = "sha256:8afa18e1d6d20af15b417e728e9f60f3aa108ee76f23c3b2c07a2c3b546d3afd", size = 339411, upload-time = "2026-01-29T21:51:27.446Z" },
    { url = "https://files.pythonhosted.org/packages/9b/53/a9443aa3ca9ba8724fdfa02dd1887c1bcd8e89556b715cfbacca6b63dbec/protobuf-6.33.5-cp39-abi3-manylinux2014_x86_64.whl", hash = "sha256:cbf16ba3350fb7b889fca858fb215967792dc125b35c7976ca4818bee3521cf0", size = 323465, upload-time = "2026-01-29T21:51:28.925Z" },
    { url = "https://files.pythonhosted.org/packages/57/bf/2086963c69bdac3d7cff1cc7ff79b8ce5ea0bec6797a017e1be338a46248/protobuf-6.33.5-py3-none-any.whl", hash = "sha256:69915a973dd0f60f31a08b8318b73eab2bd6a392c79184b3612226b0a3f8ec02", size = 170687, upload-time = "2026-01-29T21:51:32.557Z" },
]

[[package]]
name = "ptyprocess"
version = "0.7.0"
source = { registry = "https://pypi.org/simple" }
sdist = { url = "https://files.pythonhosted.org/packages/20/e5/16ff212c1e452235a90aeb09066144d0c5a6a8c0834397e03f5224495c4e/ptyprocess-0.7.0.tar.gz", hash = "sha256:5c5d0a3b48ceee0b48485e0c26037c0acd7d29765ca3fbb5cb3831d347423220", size = 70762, upload-time = "2020-12-28T15:15:30.155Z" }
wheels = [
    { url = "https://files.pythonhosted.org/packages/22/a6/858897256d0deac81a172289110f31629fc4cee19b6f01283303e18c8db3/ptyprocess-0.7.0-py2.py3-none-any.whl", hash = "sha256:4b41f3967fce3af57cc7e94b888626c18bf37a083e3651ca8feeb66d492fef35", size = 13993, upload-time = "2020-12-28T15:15:28.35Z" },
]

[[package]]
name = "pure-eval"
version = "0.2.3"
source = { registry = "https://pypi.org/simple" }
sdist = { url = "https://files.pythonhosted.org/packages/cd/05/0a34433a064256a578f1783a10da6df098ceaa4a57bbeaa96a6c0352786b/pure_eval-0.2.3.tar.gz", hash = "sha256:5f4e983f40564c576c7c8635ae88db5956bb2229d7e9237d03b3c0b0190eaf42", size = 19752, upload-time = "2024-07-21T12:58:21.801Z" }
wheels = [
    { url = "https://files.pythonhosted.org/packages/8e/37/efad0257dc6e593a18957422533ff0f87ede7c9c6ea010a2177d738fb82f/pure_eval-0.2.3-py3-none-any.whl", hash = "sha256:1db8e35b67b3d218d818ae653e27f06c3aa420901fa7b081ca98cbedc874e0d0", size = 11842, upload-time = "2024-07-21T12:58:20.04Z" },
]

[[package]]
name = "pygments"
version = "2.19.2"
source = { registry = "https://pypi.org/simple" }
sdist = { url = "https://files.pythonhosted.org/packages/b0/77/a5b8c569bf593b0140bde72ea885a803b82086995367bf2037de0159d924/pygments-2.19.2.tar.gz", hash = "sha256:636cb2477cec7f8952536970bc533bc43743542f70392ae026374600add5b887", size = 4968631, upload-time = "2025-06-21T13:39:12.283Z" }
wheels = [
    { url = "https://files.pythonhosted.org/packages/c7/21/705964c7812476f378728bdf590ca4b771ec72385c533964653c68e86bdc/pygments-2.19.2-py3-none-any.whl", hash = "sha256:86540386c03d588bb81d44bc3928634ff26449851e99741617ecb9037ee5ec0b", size = 1225217, upload-time = "2025-06-21T13:39:07.939Z" },
]

[[package]]
name = "pytest"
version = "9.0.2"
source = { registry = "https://pypi.org/simple" }
dependencies = [
    { name = "colorama", marker = "sys_platform == 'win32'" },
    { name = "iniconfig" },
    { name = "packaging" },
    { name = "pluggy" },
    { name = "pygments" },
]
sdist = { url = "https://files.pythonhosted.org/packages/d1/db/7ef3487e0fb0049ddb5ce41d3a49c235bf9ad299b6a25d5780a89f19230f/pytest-9.0.2.tar.gz", hash = "sha256:75186651a92bd89611d1d9fc20f0b4345fd827c41ccd5c299a868a05d70edf11", size = 1568901, upload-time = "2025-12-06T21:30:51.014Z" }
wheels = [
    { url = "https://files.pythonhosted.org/packages/3b/ab/b3226f0bd7cdcf710fbede2b3548584366da3b19b5021e74f5bde2a8fa3f/pytest-9.0.2-py3-none-any.whl", hash = "sha256:711ffd45bf766d5264d487b917733b453d917afd2b0ad65223959f59089f875b", size = 374801, upload-time = "2025-12-06T21:30:49.154Z" },
]

[[package]]
name = "setuptools"
version = "82.0.0"
source = { registry = "https://pypi.org/simple" }
sdist = { url = "https://files.pythonhosted.org/packages/82/f3/748f4d6f65d1756b9ae577f329c951cda23fb900e4de9f70900ced962085/setuptools-82.0.0.tar.gz", hash = "sha256:22e0a2d69474c6ae4feb01951cb69d515ed23728cf96d05513d36e42b62b37cb", size = 1144893, upload-time = "2026-02-08T15:08:40.206Z" }
wheels = [
    { url = "https://files.pythonhosted.org/packages/e1/c6/76dc613121b793286a3f91621d7b75a2b493e0390ddca50f11993eadf192/setuptools-82.0.0-py3-none-any.whl", hash = "sha256:70b18734b607bd1da571d097d236cfcfacaf01de45717d59e6e04b96877532e0", size = 1003468, upload-time = "2026-02-08T15:08:38.723Z" },
]

[[package]]
name = "stack-data"
version = "0.6.3"
source = { registry = "https://pypi.org/simple" }
dependencies = [
    { name = "asttokens" },
    { name = "executing" },
    { name = "pure-eval" },
]
sdist = { url = "https://files.pythonhosted.org/packages/28/e3/55dcc2cfbc3ca9c29519eb6884dd1415ecb53b0e934862d3559ddcb7e20b/stack_data-0.6.3.tar.gz", hash = "sha256:836a778de4fec4dcd1dcd89ed8abff8a221f58308462e1c4aa2a3cf30148f0b9", size = 44707, upload-time = "2023-09-30T13:58:05.479Z" }
wheels = [
    { url = "https://files.pythonhosted.org/packages/f1/7b/ce1eafaf1a76852e2ec9b22edecf1daa58175c090266e9f6c64afcd81d91/stack_data-0.6.3-py3-none-any.whl", hash = "sha256:d5558e0c25a4cb0853cddad3d77da9891a08cb85dd9f9f91b9f8cd66e511e695", size = 24521, upload-time = "2023-09-30T13:58:03.53Z" },
]

[[package]]
name = "traitlets"
version = "5.14.3"
source = { registry = "https://pypi.org/simple" }
sdist = { url = "https://files.pythonhosted.org/packages/eb/79/72064e6a701c2183016abbbfedaba506d81e30e232a68c9f0d6f6fcd1574/traitlets-5.14.3.tar.gz", hash = "sha256:9ed0579d3502c94b4b3732ac120375cda96f923114522847de4b3bb98b96b6b7", size = 161621, upload-time = "2024-04-19T11:11:49.746Z" }
wheels = [
    { url = "https://files.pythonhosted.org/packages/00/c0/8f5d070730d7836adc9c9b6408dec68c6ced86b304a9b26a14df072a6e8c/traitlets-5.14.3-py3-none-any.whl", hash = "sha256:b74e89e397b1ed28cc831db7aea759ba6640cb3de13090ca145426688ff1ac4f", size = 85359, upload-time = "2024-04-19T11:11:46.763Z" },
]

[[package]]
name = "typing-extensions"
version = "4.15.0"
source = { registry = "https://pypi.org/simple" }
sdist = { url = "https://files.pythonhosted.org/packages/72/94/1a15dd82efb362ac84269196e94cf00f187f7ed21c242792a923cdb1c61f/typing_extensions-4.15.0.tar.gz", hash = "sha256:0cea48d173cc12fa28ecabc3b837ea3cf6f38c6d1136f85cbaaf598984861466", size = 109391, upload-time = "2025-08-25T13:49:26.313Z" }
wheels = [
    { url = "https://files.pythonhosted.org/packages/18/67/36e9267722cc04a6b9f15c7f3441c2363321a3ea07da7ae0c0707beb2a9c/typing_extensions-4.15.0-py3-none-any.whl", hash = "sha256:f0fa19c6845758ab08074a0cfa8b7aecb71c999ca73d62883bc25cc018c4e548", size = 44614, upload-time = "2025-08-25T13:49:24.86Z" },
]

[[package]]
name = "tzdata"
version = "2025.3"
source = { registry = "https://pypi.org/simple" }
sdist = { url = "https://files.pythonhosted.org/packages/5e/a7/c202b344c5ca7daf398f3b8a477eeb205cf3b6f32e7ec3a6bac0629ca975/tzdata-2025.3.tar.gz", hash = "sha256:de39c2ca5dc7b0344f2eba86f49d614019d29f060fc4ebc8a417896a620b56a7", size = 196772, upload-time = "2025-12-13T17:45:35.667Z" }
wheels = [
    { url = "https://files.pythonhosted.org/packages/c7/b0/003792df09decd6849a5e39c28b513c06e84436a54440380862b5aeff25d/tzdata-2025.3-py2.py3-none-any.whl", hash = "sha256:06a47e5700f3081aab02b2e513160914ff0694bce9947d6b76ebd6bf57cfc5d1", size = 348521, upload-time = "2025-12-13T17:45:33.889Z" },
]

[[package]]
name = "udemy-protobuf-dotnet"
version = "0.1.0"
source = { virtual = "." }
dependencies = [
    { name = "faker" },
    { name = "grpcio" },
    { name = "grpcio-tools" },
    { name = "invoke" },
    { name = "ipdb" },
    { name = "ipython" },
    { name = "protobuf" },
    { name = "pytest" },
    { name = "watchfiles" },
]

[package.metadata]
requires-dist = [
    { name = "faker" },
    { name = "grpcio" },
    { name = "grpcio-tools" },
    { name = "invoke" },
    { name = "ipdb" },
    { name = "ipython" },
    { name = "protobuf" },
    { name = "pytest" },
    { name = "watchfiles" },
]

[[package]]
name = "watchfiles"
version = "1.1.1"
source = { registry = "https://pypi.org/simple" }
dependencies = [
    { name = "anyio" },
]
sdist = { url = "https://files.pythonhosted.org/packages/c2/c9/8869df9b2a2d6c59d79220a4db37679e74f807c559ffe5265e08b227a210/watchfiles-1.1.1.tar.gz", hash = "sha256:a173cb5c16c4f40ab19cecf48a534c409f7ea983ab8fed0741304a1c0a31b3f2", size = 94440, upload-time = "2025-10-14T15:06:21.08Z" }
wheels = [
    { url = "https://files.pythonhosted.org/packages/bb/f4/f750b29225fe77139f7ae5de89d4949f5a99f934c65a1f1c0b248f26f747/watchfiles-1.1.1-cp313-cp313-macosx_10_12_x86_64.whl", hash = "sha256:130e4876309e8686a5e37dba7d5e9bc77e6ed908266996ca26572437a5271e18", size = 404321, upload-time = "2025-10-14T15:05:02.063Z" },
    { url = "https://files.pythonhosted.org/packages/2b/f9/f07a295cde762644aa4c4bb0f88921d2d141af45e735b965fb2e87858328/watchfiles-1.1.1-cp313-cp313-macosx_11_0_arm64.whl", hash = "sha256:5f3bde70f157f84ece3765b42b4a52c6ac1a50334903c6eaf765362f6ccca88a", size = 391783, upload-time = "2025-10-14T15:05:03.052Z" },
    { url = "https://files.pythonhosted.org/packages/bc/11/fc2502457e0bea39a5c958d86d2cb69e407a4d00b85735ca724bfa6e0d1a/watchfiles-1.1.1-cp313-cp313-manylinux_2_17_aarch64.manylinux2014_aarch64.whl", hash = "sha256:14e0b1fe858430fc0251737ef3824c54027bedb8c37c38114488b8e131cf8219", size = 449279, upload-time = "2025-10-14T15:05:04.004Z" },
    { url = "https://files.pythonhosted.org/packages/e3/1f/d66bc15ea0b728df3ed96a539c777acfcad0eb78555ad9efcaa1274688f0/watchfiles-1.1.1-cp313-cp313-manylinux_2_17_armv7l.manylinux2014_armv7l.whl", hash = "sha256:f27db948078f3823a6bb3b465180db8ebecf26dd5dae6f6180bd87383b6b4428", size = 459405, upload-time = "2025-10-14T15:05:04.942Z" },
    { url = "https://files.pythonhosted.org/packages/be/90/9f4a65c0aec3ccf032703e6db02d89a157462fbb2cf20dd415128251cac0/watchfiles-1.1.1-cp313-cp313-manylinux_2_17_i686.manylinux2014_i686.whl", hash = "sha256:059098c3a429f62fc98e8ec62b982230ef2c8df68c79e826e37b895bc359a9c0", size = 488976, upload-time = "2025-10-14T15:05:05.905Z" },
    { url = "https://files.pythonhosted.org/packages/37/57/ee347af605d867f712be7029bb94c8c071732a4b44792e3176fa3c612d39/watchfiles-1.1.1-cp313-cp313-manylinux_2_17_ppc64le.manylinux2014_ppc64le.whl", hash = "sha256:bfb5862016acc9b869bb57284e6cb35fdf8e22fe59f7548858e2f971d045f150", size = 595506, upload-time = "2025-10-14T15:05:06.906Z" },
    { url = "https://files.pythonhosted.org/packages/a8/78/cc5ab0b86c122047f75e8fc471c67a04dee395daf847d3e59381996c8707/watchfiles-1.1.1-cp313-cp313-manylinux_2_17_s390x.manylinux2014_s390x.whl", hash = "sha256:319b27255aacd9923b8a276bb14d21a5f7ff82564c744235fc5eae58d95422ae", size = 474936, upload-time = "2025-10-14T15:05:07.906Z" },
    { url = "https://files.pythonhosted.org/packages/62/da/def65b170a3815af7bd40a3e7010bf6ab53089ef1b75d05dd5385b87cf08/watchfiles-1.1.1-cp313-cp313-manylinux_2_17_x86_64.manylinux2014_x86_64.whl", hash = "sha256:c755367e51db90e75b19454b680903631d41f9e3607fbd941d296a020c2d752d", size = 456147, upload-time = "2025-10-14T15:05:09.138Z" },
    { url = "https://files.pythonhosted.org/packages/57/99/da6573ba71166e82d288d4df0839128004c67d2778d3b566c138695f5c0b/watchfiles-1.1.1-cp313-cp313-musllinux_1_1_aarch64.whl", hash = "sha256:c22c776292a23bfc7237a98f791b9ad3144b02116ff10d820829ce62dff46d0b", size = 630007, upload-time = "2025-10-14T15:05:10.117Z" },
    { url = "https://files.pythonhosted.org/packages/a8/51/7439c4dd39511368849eb1e53279cd3454b4a4dbace80bab88feeb83c6b5/watchfiles-1.1.1-cp313-cp313-musllinux_1_1_x86_64.whl", hash = "sha256:3a476189be23c3686bc2f4321dd501cb329c0a0469e77b7b534ee10129ae6374", size = 622280, upload-time = "2025-10-14T15:05:11.146Z" },
    { url = "https://files.pythonhosted.org/packages/95/9c/8ed97d4bba5db6fdcdb2b298d3898f2dd5c20f6b73aee04eabe56c59677e/watchfiles-1.1.1-cp313-cp313-win32.whl", hash = "sha256:bf0a91bfb5574a2f7fc223cf95eeea79abfefa404bf1ea5e339c0c1560ae99a0", size = 272056, upload-time = "2025-10-14T15:05:12.156Z" },
    { url = "https://files.pythonhosted.org/packages/1f/f3/c14e28429f744a260d8ceae18bf58c1d5fa56b50d006a7a9f80e1882cb0d/watchfiles-1.1.1-cp313-cp313-win_amd64.whl", hash = "sha256:52e06553899e11e8074503c8e716d574adeeb7e68913115c4b3653c53f9bae42", size = 288162, upload-time = "2025-10-14T15:05:13.208Z" },
    { url = "https://files.pythonhosted.org/packages/dc/61/fe0e56c40d5cd29523e398d31153218718c5786b5e636d9ae8ae79453d27/watchfiles-1.1.1-cp313-cp313-win_arm64.whl", hash = "sha256:ac3cc5759570cd02662b15fbcd9d917f7ecd47efe0d6b40474eafd246f91ea18", size = 277909, upload-time = "2025-10-14T15:05:14.49Z" },
    { url = "https://files.pythonhosted.org/packages/79/42/e0a7d749626f1e28c7108a99fb9bf524b501bbbeb9b261ceecde644d5a07/watchfiles-1.1.1-cp313-cp313t-macosx_10_12_x86_64.whl", hash = "sha256:563b116874a9a7ce6f96f87cd0b94f7faf92d08d0021e837796f0a14318ef8da", size = 403389, upload-time = "2025-10-14T15:05:15.777Z" },
    { url = "https://files.pythonhosted.org/packages/15/49/08732f90ce0fbbc13913f9f215c689cfc9ced345fb1bcd8829a50007cc8d/watchfiles-1.1.1-cp313-cp313t-macosx_11_0_arm64.whl", hash = "sha256:3ad9fe1dae4ab4212d8c91e80b832425e24f421703b5a42ef2e4a1e215aff051", size = 389964, upload-time = "2025-10-14T15:05:16.85Z" },
    { url = "https://files.pythonhosted.org/packages/27/0d/7c315d4bd5f2538910491a0393c56bf70d333d51bc5b34bee8e68e8cea19/watchfiles-1.1.1-cp313-cp313t-manylinux_2_17_aarch64.manylinux2014_aarch64.whl", hash = "sha256:ce70f96a46b894b36eba678f153f052967a0d06d5b5a19b336ab0dbbd029f73e", size = 448114, upload-time = "2025-10-14T15:05:17.876Z" },
    { url = "https://files.pythonhosted.org/packages/c3/24/9e096de47a4d11bc4df41e9d1e61776393eac4cb6eb11b3e23315b78b2cc/watchfiles-1.1.1-cp313-cp313t-manylinux_2_17_armv7l.manylinux2014_armv7l.whl", hash = "sha256:cb467c999c2eff23a6417e58d75e5828716f42ed8289fe6b77a7e5a91036ca70", size = 460264, upload-time = "2025-10-14T15:05:18.962Z" },
    { url = "https://files.pythonhosted.org/packages/cc/0f/e8dea6375f1d3ba5fcb0b3583e2b493e77379834c74fd5a22d66d85d6540/watchfiles-1.1.1-cp313-cp313t-manylinux_2_17_i686.manylinux2014_i686.whl", hash = "sha256:836398932192dae4146c8f6f737d74baeac8b70ce14831a239bdb1ca882fc261", size = 487877, upload-time = "2025-10-14T15:05:20.094Z" },
    { url = "https://files.pythonhosted.org/packages/ac/5b/df24cfc6424a12deb41503b64d42fbea6b8cb357ec62ca84a5a3476f654a/watchfiles-1.1.1-cp313-cp313t-manylinux_2_17_ppc64le.manylinux2014_ppc64le.whl", hash = "sha256:743185e7372b7bc7c389e1badcc606931a827112fbbd37f14c537320fca08620", size = 595176, upload-time = "2025-10-14T15:05:21.134Z" },
    { url = "https://files.pythonhosted.org/packages/8f/b5/853b6757f7347de4e9b37e8cc3289283fb983cba1ab4d2d7144694871d9c/watchfiles-1.1.1-cp313-cp313t-manylinux_2_17_s390x.manylinux2014_s390x.whl", hash = "sha256:afaeff7696e0ad9f02cbb8f56365ff4686ab205fcf9c4c5b6fdfaaa16549dd04", size = 473577, upload-time = "2025-10-14T15:05:22.306Z" },
    { url = "https://files.pythonhosted.org/packages/e1/f7/0a4467be0a56e80447c8529c9fce5b38eab4f513cb3d9bf82e7392a5696b/watchfiles-1.1.1-cp313-cp313t-manylinux_2_17_x86_64.manylinux2014_x86_64.whl", hash = "sha256:3f7eb7da0eb23aa2ba036d4f616d46906013a68caf61b7fdbe42fc8b25132e77", size = 455425, upload-time = "2025-10-14T15:05:23.348Z" },
    { url = "https://files.pythonhosted.org/packages/8e/e0/82583485ea00137ddf69bc84a2db88bd92ab4a6e3c405e5fb878ead8d0e7/watchfiles-1.1.1-cp313-cp313t-musllinux_1_1_aarch64.whl", hash = "sha256:831a62658609f0e5c64178211c942ace999517f5770fe9436be4c2faeba0c0ef", size = 628826, upload-time = "2025-10-14T15:05:24.398Z" },
    { url = "https://files.pythonhosted.org/packages/28/9a/a785356fccf9fae84c0cc90570f11702ae9571036fb25932f1242c82191c/watchfiles-1.1.1-cp313-cp313t-musllinux_1_1_x86_64.whl", hash = "sha256:f9a2ae5c91cecc9edd47e041a930490c31c3afb1f5e6d71de3dc671bfaca02bf", size = 622208, upload-time = "2025-10-14T15:05:25.45Z" },
]

[[package]]
name = "wcwidth"
version = "0.6.0"
source = { registry = "https://pypi.org/simple" }
sdist = { url = "https://files.pythonhosted.org/packages/35/a2/8e3becb46433538a38726c948d3399905a4c7cabd0df578ede5dc51f0ec2/wcwidth-0.6.0.tar.gz", hash = "sha256:cdc4e4262d6ef9a1a57e018384cbeb1208d8abbc64176027e2c2455c81313159", size = 159684, upload-time = "2026-02-06T19:19:40.919Z" }
wheels = [
    { url = "https://files.pythonhosted.org/packages/68/5a/199c59e0a824a3db2b89c5d2dade7ab5f9624dbf6448dc291b46d5ec94d3/wcwidth-0.6.0-py3-none-any.whl", hash = "sha256:1a3a1e510b553315f8e146c54764f4fb6264ffad731b3d78088cdb1478ffbdad", size = 94189, upload-time = "2026-02-06T19:19:39.646Z" },
]
